// !$*UTF8*$!
{
	archiveVersion = 1;
	classes = {
	};
	objectVersion = 46;
	objects = {

/* Begin PBXBuildFile section */
		CD374F72185D7053003B2638 /* Foundation.framework in Frameworks */ = {isa = PBXBuildFile; fileRef = CD374F71185D7053003B2638 /* Foundation.framework */; };
		CD374F74185D7053003B2638 /* CoreGraphics.framework in Frameworks */ = {isa = PBXBuildFile; fileRef = CD374F73185D7053003B2638 /* CoreGraphics.framework */; };
		CD374F76185D7053003B2638 /* UIKit.framework in Frameworks */ = {isa = PBXBuildFile; fileRef = CD374F75185D7053003B2638 /* UIKit.framework */; };
		CD374F7C185D7053003B2638 /* InfoPlist.strings in Resources */ = {isa = PBXBuildFile; fileRef = CD374F7A185D7053003B2638 /* InfoPlist.strings */; };
		CD374F7E185D7053003B2638 /* main.m in Sources */ = {isa = PBXBuildFile; fileRef = CD374F7D185D7053003B2638 /* main.m */; };
		CD374F82185D7053003B2638 /* BLAppDelegate.m in Sources */ = {isa = PBXBuildFile; fileRef = CD374F81185D7053003B2638 /* BLAppDelegate.m */; };
		CD374F84185D7053003B2638 /* Images.xcassets in Resources */ = {isa = PBXBuildFile; fileRef = CD374F83185D7053003B2638 /* Images.xcassets */; };
		CD374F8B185D7053003B2638 /* XCTest.framework in Frameworks */ = {isa = PBXBuildFile; fileRef = CD374F8A185D7053003B2638 /* XCTest.framework */; };
		CD374F8C185D7053003B2638 /* Foundation.framework in Frameworks */ = {isa = PBXBuildFile; fileRef = CD374F71185D7053003B2638 /* Foundation.framework */; };
		CD374F8D185D7053003B2638 /* UIKit.framework in Frameworks */ = {isa = PBXBuildFile; fileRef = CD374F75185D7053003B2638 /* UIKit.framework */; };
		CD374F95185D7053003B2638 /* InfoPlist.strings in Resources */ = {isa = PBXBuildFile; fileRef = CD374F93185D7053003B2638 /* InfoPlist.strings */; };
		CD374F97185D7053003B2638 /* riot_objcTests.m in Sources */ = {isa = PBXBuildFile; fileRef = CD374F96185D7053003B2638 /* riot_objcTests.m */; };
		CD374FA2185D7149003B2638 /* BLRiotAPI.m in Sources */ = {isa = PBXBuildFile; fileRef = CD374FA1185D7149003B2638 /* BLRiotAPI.m */; };
		CD374FA6185D761C003B2638 /* BLRiotObjCViewController.m in Sources */ = {isa = PBXBuildFile; fileRef = CD374FA5185D761C003B2638 /* BLRiotObjCViewController.m */; };
		CD374FA9185D76A0003B2638 /* BLChampionDto.m in Sources */ = {isa = PBXBuildFile; fileRef = CD374FA8185D76A0003B2638 /* BLChampionDto.m */; };
		CD374FAC185D7A67003B2638 /* BLRiotChampionAPI.m in Sources */ = {isa = PBXBuildFile; fileRef = CD374FAB185D7A67003B2638 /* BLRiotChampionAPI.m */; };
		CD862ED01860C8CB003AEFD8 /* BLLeagueDto.m in Sources */ = {isa = PBXBuildFile; fileRef = CD862ECF1860C8CB003AEFD8 /* BLLeagueDto.m */; };
		CD862ED11860C8D3003AEFD8 /* BLLeagueDto.m in Sources */ = {isa = PBXBuildFile; fileRef = CD862ECF1860C8CB003AEFD8 /* BLLeagueDto.m */; };
		CD862ED21860C8EF003AEFD8 /* BLChampionDto.m in Sources */ = {isa = PBXBuildFile; fileRef = CD374FA8185D76A0003B2638 /* BLChampionDto.m */; };
		CD862ED51860C8F7003AEFD8 /* BLChampionListDto.m in Sources */ = {isa = PBXBuildFile; fileRef = CD9317C9185E6E8100FA4864 /* BLChampionListDto.m */; };
		CD862ED61860C8F7003AEFD8 /* BLPlayerDto.m in Sources */ = {isa = PBXBuildFile; fileRef = CD958256185F67C500F62A76 /* BLPlayerDto.m */; };
		CD862ED71860C8F7003AEFD8 /* BLRawStatDto.m in Sources */ = {isa = PBXBuildFile; fileRef = CD958259185F68CA00F62A76 /* BLRawStatDto.m */; };
		CD862ED81860C8F7003AEFD8 /* BLGameDto.m in Sources */ = {isa = PBXBuildFile; fileRef = CD95825D185F694000F62A76 /* BLGameDto.m */; };
		CD862ED91860C8F7003AEFD8 /* BLRecentGamesDto.m in Sources */ = {isa = PBXBuildFile; fileRef = CD958261185F694F00F62A76 /* BLRecentGamesDto.m */; };
		CD862EDA1860C8FB003AEFD8 /* BLRiotAPI.m in Sources */ = {isa = PBXBuildFile; fileRef = CD374FA1185D7149003B2638 /* BLRiotAPI.m */; };
		CD862EDB1860C8FB003AEFD8 /* BLRiotChampionAPI.m in Sources */ = {isa = PBXBuildFile; fileRef = CD374FAB185D7A67003B2638 /* BLRiotChampionAPI.m */; };
		CD862EDE1860C910003AEFD8 /* BLLeagueItemDto.m in Sources */ = {isa = PBXBuildFile; fileRef = CD862EDD1860C910003AEFD8 /* BLLeagueItemDto.m */; };
		CD862EDF1860C910003AEFD8 /* BLLeagueItemDto.m in Sources */ = {isa = PBXBuildFile; fileRef = CD862EDD1860C910003AEFD8 /* BLLeagueItemDto.m */; };
		CD862EE21860C91A003AEFD8 /* BLMiniSeriesDto.m in Sources */ = {isa = PBXBuildFile; fileRef = CD862EE11860C91A003AEFD8 /* BLMiniSeriesDto.m */; };
		CD862EE31860C91A003AEFD8 /* BLMiniSeriesDto.m in Sources */ = {isa = PBXBuildFile; fileRef = CD862EE11860C91A003AEFD8 /* BLMiniSeriesDto.m */; };
		CD862EE61860C928003AEFD8 /* BLRiotLeagueAPI.m in Sources */ = {isa = PBXBuildFile; fileRef = CD862EE51860C928003AEFD8 /* BLRiotLeagueAPI.m */; };
		CD862EE71860C928003AEFD8 /* BLRiotLeagueAPI.m in Sources */ = {isa = PBXBuildFile; fileRef = CD862EE51860C928003AEFD8 /* BLRiotLeagueAPI.m */; };
		CD862EEA1860D98D003AEFD8 /* BLTeamIdDto.m in Sources */ = {isa = PBXBuildFile; fileRef = CD862EE91860D98D003AEFD8 /* BLTeamIdDto.m */; };
		CD862EEB1860D98D003AEFD8 /* BLTeamIdDto.m in Sources */ = {isa = PBXBuildFile; fileRef = CD862EE91860D98D003AEFD8 /* BLTeamIdDto.m */; };
		CD862EEE1860D998003AEFD8 /* BLMessageOfDayDto.m in Sources */ = {isa = PBXBuildFile; fileRef = CD862EED1860D998003AEFD8 /* BLMessageOfDayDto.m */; };
		CD862EEF1860D998003AEFD8 /* BLMessageOfDayDto.m in Sources */ = {isa = PBXBuildFile; fileRef = CD862EED1860D998003AEFD8 /* BLMessageOfDayDto.m */; };
		CD862EF21860D9A7003AEFD8 /* BLMatchHistorySummaryDto.m in Sources */ = {isa = PBXBuildFile; fileRef = CD862EF11860D9A7003AEFD8 /* BLMatchHistorySummaryDto.m */; };
		CD862EF31860D9A7003AEFD8 /* BLMatchHistorySummaryDto.m in Sources */ = {isa = PBXBuildFile; fileRef = CD862EF11860D9A7003AEFD8 /* BLMatchHistorySummaryDto.m */; };
		CD862EF61860D9B2003AEFD8 /* BLTeamMemberInfoDto.m in Sources */ = {isa = PBXBuildFile; fileRef = CD862EF51860D9B2003AEFD8 /* BLTeamMemberInfoDto.m */; };
		CD862EF71860D9B2003AEFD8 /* BLTeamMemberInfoDto.m in Sources */ = {isa = PBXBuildFile; fileRef = CD862EF51860D9B2003AEFD8 /* BLTeamMemberInfoDto.m */; };
		CD862EFA1860D9BB003AEFD8 /* BLTeamStatDetailDto.m in Sources */ = {isa = PBXBuildFile; fileRef = CD862EF91860D9BB003AEFD8 /* BLTeamStatDetailDto.m */; };
		CD862EFB1860D9BB003AEFD8 /* BLTeamStatDetailDto.m in Sources */ = {isa = PBXBuildFile; fileRef = CD862EF91860D9BB003AEFD8 /* BLTeamStatDetailDto.m */; };
		CD862EFE1860D9C4003AEFD8 /* BLTeamStatSummaryDto.m in Sources */ = {isa = PBXBuildFile; fileRef = CD862EFD1860D9C4003AEFD8 /* BLTeamStatSummaryDto.m */; };
		CD862EFF1860D9C4003AEFD8 /* BLTeamStatSummaryDto.m in Sources */ = {isa = PBXBuildFile; fileRef = CD862EFD1860D9C4003AEFD8 /* BLTeamStatSummaryDto.m */; };
		CD862F021860D9CB003AEFD8 /* BLRosterDto.m in Sources */ = {isa = PBXBuildFile; fileRef = CD862F011860D9CB003AEFD8 /* BLRosterDto.m */; };
		CD862F031860D9CB003AEFD8 /* BLRosterDto.m in Sources */ = {isa = PBXBuildFile; fileRef = CD862F011860D9CB003AEFD8 /* BLRosterDto.m */; };
		CD862F061860D9D1003AEFD8 /* BLTeamDto.m in Sources */ = {isa = PBXBuildFile; fileRef = CD862F051860D9D1003AEFD8 /* BLTeamDto.m */; };
		CD862F071860D9D1003AEFD8 /* BLTeamDto.m in Sources */ = {isa = PBXBuildFile; fileRef = CD862F051860D9D1003AEFD8 /* BLTeamDto.m */; };
		CD862F0A1860D9E7003AEFD8 /* BLRiotTeamAPI.m in Sources */ = {isa = PBXBuildFile; fileRef = CD862F091860D9E7003AEFD8 /* BLRiotTeamAPI.m */; };
		CD862F0B1860D9E7003AEFD8 /* BLRiotTeamAPI.m in Sources */ = {isa = PBXBuildFile; fileRef = CD862F091860D9E7003AEFD8 /* BLRiotTeamAPI.m */; };
		CD862F0E1860F393003AEFD8 /* NSNumber+BoolString.m in Sources */ = {isa = PBXBuildFile; fileRef = CD862F0D1860F393003AEFD8 /* NSNumber+BoolString.m */; };
		CD862F0F1860F393003AEFD8 /* NSNumber+BoolString.m in Sources */ = {isa = PBXBuildFile; fileRef = CD862F0D1860F393003AEFD8 /* NSNumber+BoolString.m */; };
		CD862F121860FE0E003AEFD8 /* BLRiotStatsAPI.m in Sources */ = {isa = PBXBuildFile; fileRef = CD862F111860FE0E003AEFD8 /* BLRiotStatsAPI.m */; };
		CD862F131860FE0E003AEFD8 /* BLRiotStatsAPI.m in Sources */ = {isa = PBXBuildFile; fileRef = CD862F111860FE0E003AEFD8 /* BLRiotStatsAPI.m */; };
		CD862F161860FE23003AEFD8 /* BLRankedStatsDto.m in Sources */ = {isa = PBXBuildFile; fileRef = CD862F151860FE23003AEFD8 /* BLRankedStatsDto.m */; };
		CD862F171860FE23003AEFD8 /* BLRankedStatsDto.m in Sources */ = {isa = PBXBuildFile; fileRef = CD862F151860FE23003AEFD8 /* BLRankedStatsDto.m */; };
		CD862F1A1860FE30003AEFD8 /* BLChampionStatDto.m in Sources */ = {isa = PBXBuildFile; fileRef = CD862F191860FE30003AEFD8 /* BLChampionStatDto.m */; };
		CD862F1B1860FE30003AEFD8 /* BLChampionStatDto.m in Sources */ = {isa = PBXBuildFile; fileRef = CD862F191860FE30003AEFD8 /* BLChampionStatDto.m */; };
		CD862F1E1860FE3A003AEFD8 /* BLChampionStatsDto.m in Sources */ = {isa = PBXBuildFile; fileRef = CD862F1D1860FE3A003AEFD8 /* BLChampionStatsDto.m */; };
		CD862F1F1860FE3A003AEFD8 /* BLChampionStatsDto.m in Sources */ = {isa = PBXBuildFile; fileRef = CD862F1D1860FE3A003AEFD8 /* BLChampionStatsDto.m */; };
		CD862F221860FE47003AEFD8 /* BLAggregatedStatDto.m in Sources */ = {isa = PBXBuildFile; fileRef = CD862F211860FE47003AEFD8 /* BLAggregatedStatDto.m */; };
		CD862F231860FE47003AEFD8 /* BLAggregatedStatDto.m in Sources */ = {isa = PBXBuildFile; fileRef = CD862F211860FE47003AEFD8 /* BLAggregatedStatDto.m */; };
		CD862F261860FE50003AEFD8 /* BLPlayerStatsSummaryDto.m in Sources */ = {isa = PBXBuildFile; fileRef = CD862F251860FE50003AEFD8 /* BLPlayerStatsSummaryDto.m */; };
		CD862F271860FE50003AEFD8 /* BLPlayerStatsSummaryDto.m in Sources */ = {isa = PBXBuildFile; fileRef = CD862F251860FE50003AEFD8 /* BLPlayerStatsSummaryDto.m */; };
		CD862F2A1860FE5C003AEFD8 /* BLPlayerStatsSummaryListDto.m in Sources */ = {isa = PBXBuildFile; fileRef = CD862F291860FE5C003AEFD8 /* BLPlayerStatsSummaryListDto.m */; };
		CD862F2B1860FE5C003AEFD8 /* BLPlayerStatsSummaryListDto.m in Sources */ = {isa = PBXBuildFile; fileRef = CD862F291860FE5C003AEFD8 /* BLPlayerStatsSummaryListDto.m */; };
		CD9317CA185E6E8100FA4864 /* BLChampionListDto.m in Sources */ = {isa = PBXBuildFile; fileRef = CD9317C9185E6E8100FA4864 /* BLChampionListDto.m */; };
		CD958257185F67C500F62A76 /* BLPlayerDto.m in Sources */ = {isa = PBXBuildFile; fileRef = CD958256185F67C500F62A76 /* BLPlayerDto.m */; };
		CD95825A185F68CA00F62A76 /* BLRawStatDto.m in Sources */ = {isa = PBXBuildFile; fileRef = CD958259185F68CA00F62A76 /* BLRawStatDto.m */; };
		CD95825E185F694000F62A76 /* BLGameDto.m in Sources */ = {isa = PBXBuildFile; fileRef = CD95825D185F694000F62A76 /* BLGameDto.m */; };
		CD958262185F694F00F62A76 /* BLRecentGamesDto.m in Sources */ = {isa = PBXBuildFile; fileRef = CD958261185F694F00F62A76 /* BLRecentGamesDto.m */; };
		CD958266185F6A7200F62A76 /* BLRiotGameAPI.m in Sources */ = {isa = PBXBuildFile; fileRef = CD958265185F6A7200F62A76 /* BLRiotGameAPI.m */; };
		CD958267185F6A7200F62A76 /* BLRiotGameAPI.m in Sources */ = {isa = PBXBuildFile; fileRef = CD958265185F6A7200F62A76 /* BLRiotGameAPI.m */; };
		CD95826A185F6BB100F62A76 /* BLKeyValueObject.m in Sources */ = {isa = PBXBuildFile; fileRef = CD958269185F6BB100F62A76 /* BLKeyValueObject.m */; };
		CD95826B185F6BB100F62A76 /* BLKeyValueObject.m in Sources */ = {isa = PBXBuildFile; fileRef = CD958269185F6BB100F62A76 /* BLKeyValueObject.m */; };
/* End PBXBuildFile section */

/* Begin PBXContainerItemProxy section */
		CD374F8E185D7053003B2638 /* PBXContainerItemProxy */ = {
			isa = PBXContainerItemProxy;
			containerPortal = CD374F66185D7053003B2638 /* Project object */;
			proxyType = 1;
			remoteGlobalIDString = CD374F6D185D7053003B2638;
			remoteInfo = "riot-objc";
		};
/* End PBXContainerItemProxy section */

/* Begin PBXFileReference section */
		CD374F6E185D7053003B2638 /* riot-objc.app */ = {isa = PBXFileReference; explicitFileType = wrapper.application; includeInIndex = 0; path = "riot-objc.app"; sourceTree = BUILT_PRODUCTS_DIR; };
		CD374F71185D7053003B2638 /* Foundation.framework */ = {isa = PBXFileReference; lastKnownFileType = wrapper.framework; name = Foundation.framework; path = System/Library/Frameworks/Foundation.framework; sourceTree = SDKROOT; };
		CD374F73185D7053003B2638 /* CoreGraphics.framework */ = {isa = PBXFileReference; lastKnownFileType = wrapper.framework; name = CoreGraphics.framework; path = System/Library/Frameworks/CoreGraphics.framework; sourceTree = SDKROOT; };
		CD374F75185D7053003B2638 /* UIKit.framework */ = {isa = PBXFileReference; lastKnownFileType = wrapper.framework; name = UIKit.framework; path = System/Library/Frameworks/UIKit.framework; sourceTree = SDKROOT; };
		CD374F79185D7053003B2638 /* riot-objc-Info.plist */ = {isa = PBXFileReference; lastKnownFileType = text.plist.xml; path = "riot-objc-Info.plist"; sourceTree = "<group>"; };
		CD374F7B185D7053003B2638 /* en */ = {isa = PBXFileReference; lastKnownFileType = text.plist.strings; name = en; path = en.lproj/InfoPlist.strings; sourceTree = "<group>"; };
		CD374F7D185D7053003B2638 /* main.m */ = {isa = PBXFileReference; lastKnownFileType = sourcecode.c.objc; path = main.m; sourceTree = "<group>"; };
		CD374F7F185D7053003B2638 /* riot-objc-Prefix.pch */ = {isa = PBXFileReference; lastKnownFileType = sourcecode.c.h; path = "riot-objc-Prefix.pch"; sourceTree = "<group>"; };
		CD374F80185D7053003B2638 /* BLAppDelegate.h */ = {isa = PBXFileReference; lastKnownFileType = sourcecode.c.h; path = BLAppDelegate.h; sourceTree = "<group>"; };
		CD374F81185D7053003B2638 /* BLAppDelegate.m */ = {isa = PBXFileReference; lastKnownFileType = sourcecode.c.objc; path = BLAppDelegate.m; sourceTree = "<group>"; };
		CD374F83185D7053003B2638 /* Images.xcassets */ = {isa = PBXFileReference; lastKnownFileType = folder.assetcatalog; path = Images.xcassets; sourceTree = "<group>"; };
		CD374F89185D7053003B2638 /* riot-objcTests.xctest */ = {isa = PBXFileReference; explicitFileType = wrapper.cfbundle; includeInIndex = 0; path = "riot-objcTests.xctest"; sourceTree = BUILT_PRODUCTS_DIR; };
		CD374F8A185D7053003B2638 /* XCTest.framework */ = {isa = PBXFileReference; lastKnownFileType = wrapper.framework; name = XCTest.framework; path = Library/Frameworks/XCTest.framework; sourceTree = DEVELOPER_DIR; };
		CD374F92185D7053003B2638 /* riot-objcTests-Info.plist */ = {isa = PBXFileReference; lastKnownFileType = text.plist.xml; path = "riot-objcTests-Info.plist"; sourceTree = "<group>"; };
		CD374F94185D7053003B2638 /* en */ = {isa = PBXFileReference; lastKnownFileType = text.plist.strings; name = en; path = en.lproj/InfoPlist.strings; sourceTree = "<group>"; };
		CD374F96185D7053003B2638 /* riot_objcTests.m */ = {isa = PBXFileReference; lastKnownFileType = sourcecode.c.objc; path = riot_objcTests.m; sourceTree = "<group>"; };
		CD374FA0185D7149003B2638 /* BLRiotAPI.h */ = {isa = PBXFileReference; fileEncoding = 4; lastKnownFileType = sourcecode.c.h; path = BLRiotAPI.h; sourceTree = "<group>"; };
		CD374FA1185D7149003B2638 /* BLRiotAPI.m */ = {isa = PBXFileReference; fileEncoding = 4; lastKnownFileType = sourcecode.c.objc; path = BLRiotAPI.m; sourceTree = "<group>"; };
		CD374FA4185D761C003B2638 /* BLRiotObjCViewController.h */ = {isa = PBXFileReference; fileEncoding = 4; lastKnownFileType = sourcecode.c.h; name = BLRiotObjCViewController.h; path = ../BLRiotObjCViewController.h; sourceTree = "<group>"; };
		CD374FA5185D761C003B2638 /* BLRiotObjCViewController.m */ = {isa = PBXFileReference; fileEncoding = 4; lastKnownFileType = sourcecode.c.objc; name = BLRiotObjCViewController.m; path = ../BLRiotObjCViewController.m; sourceTree = "<group>"; };
		CD374FA7185D76A0003B2638 /* BLChampionDto.h */ = {isa = PBXFileReference; fileEncoding = 4; lastKnownFileType = sourcecode.c.h; path = BLChampionDto.h; sourceTree = "<group>"; };
		CD374FA8185D76A0003B2638 /* BLChampionDto.m */ = {isa = PBXFileReference; fileEncoding = 4; lastKnownFileType = sourcecode.c.objc; path = BLChampionDto.m; sourceTree = "<group>"; };
		CD374FAA185D7A67003B2638 /* BLRiotChampionAPI.h */ = {isa = PBXFileReference; fileEncoding = 4; lastKnownFileType = sourcecode.c.h; path = BLRiotChampionAPI.h; sourceTree = "<group>"; };
		CD374FAB185D7A67003B2638 /* BLRiotChampionAPI.m */ = {isa = PBXFileReference; fileEncoding = 4; lastKnownFileType = sourcecode.c.objc; path = BLRiotChampionAPI.m; sourceTree = "<group>"; };
		CD862ECE1860C8CB003AEFD8 /* BLLeagueDto.h */ = {isa = PBXFileReference; fileEncoding = 4; lastKnownFileType = sourcecode.c.h; path = BLLeagueDto.h; sourceTree = "<group>"; };
		CD862ECF1860C8CB003AEFD8 /* BLLeagueDto.m */ = {isa = PBXFileReference; fileEncoding = 4; lastKnownFileType = sourcecode.c.objc; path = BLLeagueDto.m; sourceTree = "<group>"; };
		CD862EDC1860C910003AEFD8 /* BLLeagueItemDto.h */ = {isa = PBXFileReference; fileEncoding = 4; lastKnownFileType = sourcecode.c.h; path = BLLeagueItemDto.h; sourceTree = "<group>"; };
		CD862EDD1860C910003AEFD8 /* BLLeagueItemDto.m */ = {isa = PBXFileReference; fileEncoding = 4; lastKnownFileType = sourcecode.c.objc; path = BLLeagueItemDto.m; sourceTree = "<group>"; };
		CD862EE01860C91A003AEFD8 /* BLMiniSeriesDto.h */ = {isa = PBXFileReference; fileEncoding = 4; lastKnownFileType = sourcecode.c.h; path = BLMiniSeriesDto.h; sourceTree = "<group>"; };
		CD862EE11860C91A003AEFD8 /* BLMiniSeriesDto.m */ = {isa = PBXFileReference; fileEncoding = 4; lastKnownFileType = sourcecode.c.objc; path = BLMiniSeriesDto.m; sourceTree = "<group>"; };
		CD862EE41860C928003AEFD8 /* BLRiotLeagueAPI.h */ = {isa = PBXFileReference; fileEncoding = 4; lastKnownFileType = sourcecode.c.h; path = BLRiotLeagueAPI.h; sourceTree = "<group>"; };
		CD862EE51860C928003AEFD8 /* BLRiotLeagueAPI.m */ = {isa = PBXFileReference; fileEncoding = 4; lastKnownFileType = sourcecode.c.objc; path = BLRiotLeagueAPI.m; sourceTree = "<group>"; };
		CD862EE81860D98D003AEFD8 /* BLTeamIdDto.h */ = {isa = PBXFileReference; fileEncoding = 4; lastKnownFileType = sourcecode.c.h; path = BLTeamIdDto.h; sourceTree = "<group>"; };
		CD862EE91860D98D003AEFD8 /* BLTeamIdDto.m */ = {isa = PBXFileReference; fileEncoding = 4; lastKnownFileType = sourcecode.c.objc; path = BLTeamIdDto.m; sourceTree = "<group>"; };
		CD862EEC1860D998003AEFD8 /* BLMessageOfDayDto.h */ = {isa = PBXFileReference; fileEncoding = 4; lastKnownFileType = sourcecode.c.h; path = BLMessageOfDayDto.h; sourceTree = "<group>"; };
		CD862EED1860D998003AEFD8 /* BLMessageOfDayDto.m */ = {isa = PBXFileReference; fileEncoding = 4; lastKnownFileType = sourcecode.c.objc; path = BLMessageOfDayDto.m; sourceTree = "<group>"; };
		CD862EF01860D9A7003AEFD8 /* BLMatchHistorySummaryDto.h */ = {isa = PBXFileReference; fileEncoding = 4; lastKnownFileType = sourcecode.c.h; path = BLMatchHistorySummaryDto.h; sourceTree = "<group>"; };
		CD862EF11860D9A7003AEFD8 /* BLMatchHistorySummaryDto.m */ = {isa = PBXFileReference; fileEncoding = 4; lastKnownFileType = sourcecode.c.objc; path = BLMatchHistorySummaryDto.m; sourceTree = "<group>"; };
		CD862EF41860D9B2003AEFD8 /* BLTeamMemberInfoDto.h */ = {isa = PBXFileReference; fileEncoding = 4; lastKnownFileType = sourcecode.c.h; path = BLTeamMemberInfoDto.h; sourceTree = "<group>"; };
		CD862EF51860D9B2003AEFD8 /* BLTeamMemberInfoDto.m */ = {isa = PBXFileReference; fileEncoding = 4; lastKnownFileType = sourcecode.c.objc; path = BLTeamMemberInfoDto.m; sourceTree = "<group>"; };
		CD862EF81860D9BB003AEFD8 /* BLTeamStatDetailDto.h */ = {isa = PBXFileReference; fileEncoding = 4; lastKnownFileType = sourcecode.c.h; path = BLTeamStatDetailDto.h; sourceTree = "<group>"; };
		CD862EF91860D9BB003AEFD8 /* BLTeamStatDetailDto.m */ = {isa = PBXFileReference; fileEncoding = 4; lastKnownFileType = sourcecode.c.objc; path = BLTeamStatDetailDto.m; sourceTree = "<group>"; };
		CD862EFC1860D9C4003AEFD8 /* BLTeamStatSummaryDto.h */ = {isa = PBXFileReference; fileEncoding = 4; lastKnownFileType = sourcecode.c.h; path = BLTeamStatSummaryDto.h; sourceTree = "<group>"; };
		CD862EFD1860D9C4003AEFD8 /* BLTeamStatSummaryDto.m */ = {isa = PBXFileReference; fileEncoding = 4; lastKnownFileType = sourcecode.c.objc; path = BLTeamStatSummaryDto.m; sourceTree = "<group>"; };
		CD862F001860D9CB003AEFD8 /* BLRosterDto.h */ = {isa = PBXFileReference; fileEncoding = 4; lastKnownFileType = sourcecode.c.h; path = BLRosterDto.h; sourceTree = "<group>"; };
		CD862F011860D9CB003AEFD8 /* BLRosterDto.m */ = {isa = PBXFileReference; fileEncoding = 4; lastKnownFileType = sourcecode.c.objc; path = BLRosterDto.m; sourceTree = "<group>"; };
		CD862F041860D9D1003AEFD8 /* BLTeamDto.h */ = {isa = PBXFileReference; fileEncoding = 4; lastKnownFileType = sourcecode.c.h; path = BLTeamDto.h; sourceTree = "<group>"; };
		CD862F051860D9D1003AEFD8 /* BLTeamDto.m */ = {isa = PBXFileReference; fileEncoding = 4; lastKnownFileType = sourcecode.c.objc; path = BLTeamDto.m; sourceTree = "<group>"; };
		CD862F081860D9E7003AEFD8 /* BLRiotTeamAPI.h */ = {isa = PBXFileReference; fileEncoding = 4; lastKnownFileType = sourcecode.c.h; path = BLRiotTeamAPI.h; sourceTree = "<group>"; };
		CD862F091860D9E7003AEFD8 /* BLRiotTeamAPI.m */ = {isa = PBXFileReference; fileEncoding = 4; lastKnownFileType = sourcecode.c.objc; path = BLRiotTeamAPI.m; sourceTree = "<group>"; };
		CD862F0C1860F393003AEFD8 /* NSNumber+BoolString.h */ = {isa = PBXFileReference; fileEncoding = 4; lastKnownFileType = sourcecode.c.h; name = "NSNumber+BoolString.h"; path = "riot-objc/NSNumber+BoolString.h"; sourceTree = "<group>"; };
		CD862F0D1860F393003AEFD8 /* NSNumber+BoolString.m */ = {isa = PBXFileReference; fileEncoding = 4; lastKnownFileType = sourcecode.c.objc; name = "NSNumber+BoolString.m"; path = "riot-objc/NSNumber+BoolString.m"; sourceTree = "<group>"; };
		CD862F101860FE0E003AEFD8 /* BLRiotStatsAPI.h */ = {isa = PBXFileReference; fileEncoding = 4; lastKnownFileType = sourcecode.c.h; path = BLRiotStatsAPI.h; sourceTree = "<group>"; };
		CD862F111860FE0E003AEFD8 /* BLRiotStatsAPI.m */ = {isa = PBXFileReference; fileEncoding = 4; lastKnownFileType = sourcecode.c.objc; path = BLRiotStatsAPI.m; sourceTree = "<group>"; };
		CD862F141860FE23003AEFD8 /* BLRankedStatsDto.h */ = {isa = PBXFileReference; fileEncoding = 4; lastKnownFileType = sourcecode.c.h; path = BLRankedStatsDto.h; sourceTree = "<group>"; };
		CD862F151860FE23003AEFD8 /* BLRankedStatsDto.m */ = {isa = PBXFileReference; fileEncoding = 4; lastKnownFileType = sourcecode.c.objc; path = BLRankedStatsDto.m; sourceTree = "<group>"; };
		CD862F181860FE30003AEFD8 /* BLChampionStatDto.h */ = {isa = PBXFileReference; fileEncoding = 4; lastKnownFileType = sourcecode.c.h; path = BLChampionStatDto.h; sourceTree = "<group>"; };
		CD862F191860FE30003AEFD8 /* BLChampionStatDto.m */ = {isa = PBXFileReference; fileEncoding = 4; lastKnownFileType = sourcecode.c.objc; path = BLChampionStatDto.m; sourceTree = "<group>"; };
		CD862F1C1860FE3A003AEFD8 /* BLChampionStatsDto.h */ = {isa = PBXFileReference; fileEncoding = 4; lastKnownFileType = sourcecode.c.h; path = BLChampionStatsDto.h; sourceTree = "<group>"; };
		CD862F1D1860FE3A003AEFD8 /* BLChampionStatsDto.m */ = {isa = PBXFileReference; fileEncoding = 4; lastKnownFileType = sourcecode.c.objc; path = BLChampionStatsDto.m; sourceTree = "<group>"; };
		CD862F201860FE47003AEFD8 /* BLAggregatedStatDto.h */ = {isa = PBXFileReference; fileEncoding = 4; lastKnownFileType = sourcecode.c.h; path = BLAggregatedStatDto.h; sourceTree = "<group>"; };
		CD862F211860FE47003AEFD8 /* BLAggregatedStatDto.m */ = {isa = PBXFileReference; fileEncoding = 4; lastKnownFileType = sourcecode.c.objc; path = BLAggregatedStatDto.m; sourceTree = "<group>"; };
		CD862F241860FE50003AEFD8 /* BLPlayerStatsSummaryDto.h */ = {isa = PBXFileReference; fileEncoding = 4; lastKnownFileType = sourcecode.c.h; path = BLPlayerStatsSummaryDto.h; sourceTree = "<group>"; };
		CD862F251860FE50003AEFD8 /* BLPlayerStatsSummaryDto.m */ = {isa = PBXFileReference; fileEncoding = 4; lastKnownFileType = sourcecode.c.objc; path = BLPlayerStatsSummaryDto.m; sourceTree = "<group>"; };
		CD862F281860FE5C003AEFD8 /* BLPlayerStatsSummaryListDto.h */ = {isa = PBXFileReference; fileEncoding = 4; lastKnownFileType = sourcecode.c.h; path = BLPlayerStatsSummaryListDto.h; sourceTree = "<group>"; };
		CD862F291860FE5C003AEFD8 /* BLPlayerStatsSummaryListDto.m */ = {isa = PBXFileReference; fileEncoding = 4; lastKnownFileType = sourcecode.c.objc; path = BLPlayerStatsSummaryListDto.m; sourceTree = "<group>"; };
		CD9317C8185E6E8100FA4864 /* BLChampionListDto.h */ = {isa = PBXFileReference; fileEncoding = 4; lastKnownFileType = sourcecode.c.h; path = BLChampionListDto.h; sourceTree = "<group>"; };
		CD9317C9185E6E8100FA4864 /* BLChampionListDto.m */ = {isa = PBXFileReference; fileEncoding = 4; lastKnownFileType = sourcecode.c.objc; path = BLChampionListDto.m; sourceTree = "<group>"; };
		CD958255185F67C500F62A76 /* BLPlayerDto.h */ = {isa = PBXFileReference; fileEncoding = 4; lastKnownFileType = sourcecode.c.h; path = BLPlayerDto.h; sourceTree = "<group>"; };
		CD958256185F67C500F62A76 /* BLPlayerDto.m */ = {isa = PBXFileReference; fileEncoding = 4; lastKnownFileType = sourcecode.c.objc; path = BLPlayerDto.m; sourceTree = "<group>"; };
		CD958258185F68CA00F62A76 /* BLRawStatDto.h */ = {isa = PBXFileReference; fileEncoding = 4; lastKnownFileType = sourcecode.c.h; path = BLRawStatDto.h; sourceTree = "<group>"; };
		CD958259185F68CA00F62A76 /* BLRawStatDto.m */ = {isa = PBXFileReference; fileEncoding = 4; lastKnownFileType = sourcecode.c.objc; path = BLRawStatDto.m; sourceTree = "<group>"; };
		CD95825C185F694000F62A76 /* BLGameDto.h */ = {isa = PBXFileReference; fileEncoding = 4; lastKnownFileType = sourcecode.c.h; path = BLGameDto.h; sourceTree = "<group>"; };
		CD95825D185F694000F62A76 /* BLGameDto.m */ = {isa = PBXFileReference; fileEncoding = 4; lastKnownFileType = sourcecode.c.objc; path = BLGameDto.m; sourceTree = "<group>"; };
		CD958260185F694F00F62A76 /* BLRecentGamesDto.h */ = {isa = PBXFileReference; fileEncoding = 4; lastKnownFileType = sourcecode.c.h; path = BLRecentGamesDto.h; sourceTree = "<group>"; };
		CD958261185F694F00F62A76 /* BLRecentGamesDto.m */ = {isa = PBXFileReference; fileEncoding = 4; lastKnownFileType = sourcecode.c.objc; path = BLRecentGamesDto.m; sourceTree = "<group>"; };
		CD958264185F6A7200F62A76 /* BLRiotGameAPI.h */ = {isa = PBXFileReference; fileEncoding = 4; lastKnownFileType = sourcecode.c.h; path = BLRiotGameAPI.h; sourceTree = "<group>"; };
		CD958265185F6A7200F62A76 /* BLRiotGameAPI.m */ = {isa = PBXFileReference; fileEncoding = 4; lastKnownFileType = sourcecode.c.objc; path = BLRiotGameAPI.m; sourceTree = "<group>"; };
		CD958268185F6BB100F62A76 /* BLKeyValueObject.h */ = {isa = PBXFileReference; fileEncoding = 4; lastKnownFileType = sourcecode.c.h; path = BLKeyValueObject.h; sourceTree = "<group>"; };
		CD958269185F6BB100F62A76 /* BLKeyValueObject.m */ = {isa = PBXFileReference; fileEncoding = 4; lastKnownFileType = sourcecode.c.objc; path = BLKeyValueObject.m; sourceTree = "<group>"; };
/* End PBXFileReference section */

/* Begin PBXFrameworksBuildPhase section */
		CD374F6B185D7053003B2638 /* Frameworks */ = {
			isa = PBXFrameworksBuildPhase;
			buildActionMask = 2147483647;
			files = (
				CD374F74185D7053003B2638 /* CoreGraphics.framework in Frameworks */,
				CD374F76185D7053003B2638 /* UIKit.framework in Frameworks */,
				CD374F72185D7053003B2638 /* Foundation.framework in Frameworks */,
			);
			runOnlyForDeploymentPostprocessing = 0;
		};
		CD374F86185D7053003B2638 /* Frameworks */ = {
			isa = PBXFrameworksBuildPhase;
			buildActionMask = 2147483647;
			files = (
				CD374F8B185D7053003B2638 /* XCTest.framework in Frameworks */,
				CD374F8D185D7053003B2638 /* UIKit.framework in Frameworks */,
				CD374F8C185D7053003B2638 /* Foundation.framework in Frameworks */,
			);
			runOnlyForDeploymentPostprocessing = 0;
		};
/* End PBXFrameworksBuildPhase section */

/* Begin PBXGroup section */
		CD374F65185D7053003B2638 = {
			isa = PBXGroup;
			children = (
				CD862F0C1860F393003AEFD8 /* NSNumber+BoolString.h */,
				CD862F0D1860F393003AEFD8 /* NSNumber+BoolString.m */,
				CD374F77185D7053003B2638 /* riot-objc */,
				CD374F90185D7053003B2638 /* riot-objcTests */,
				CD374F70185D7053003B2638 /* Frameworks */,
				CD374F6F185D7053003B2638 /* Products */,
			);
			sourceTree = "<group>";
		};
		CD374F6F185D7053003B2638 /* Products */ = {
			isa = PBXGroup;
			children = (
				CD374F6E185D7053003B2638 /* riot-objc.app */,
				CD374F89185D7053003B2638 /* riot-objcTests.xctest */,
			);
			name = Products;
			sourceTree = "<group>";
		};
		CD374F70185D7053003B2638 /* Frameworks */ = {
			isa = PBXGroup;
			children = (
				CD374F71185D7053003B2638 /* Foundation.framework */,
				CD374F73185D7053003B2638 /* CoreGraphics.framework */,
				CD374F75185D7053003B2638 /* UIKit.framework */,
				CD374F8A185D7053003B2638 /* XCTest.framework */,
			);
			name = Frameworks;
			sourceTree = "<group>";
		};
		CD374F77185D7053003B2638 /* riot-objc */ = {
			isa = PBXGroup;
			children = (
				CD374FA3185D75E9003B2638 /* BLRiotAPI */,
				CD374FAD185D7A70003B2638 /* BLBusinessLogic */,
				CD374FA4185D761C003B2638 /* BLRiotObjCViewController.h */,
				CD374FA5185D761C003B2638 /* BLRiotObjCViewController.m */,
				CD374F80185D7053003B2638 /* BLAppDelegate.h */,
				CD374F81185D7053003B2638 /* BLAppDelegate.m */,
				CD374F83185D7053003B2638 /* Images.xcassets */,
				CD374F78185D7053003B2638 /* Supporting Files */,
			);
			path = "riot-objc";
			sourceTree = "<group>";
		};
		CD374F78185D7053003B2638 /* Supporting Files */ = {
			isa = PBXGroup;
			children = (
				CD374F79185D7053003B2638 /* riot-objc-Info.plist */,
				CD374F7A185D7053003B2638 /* InfoPlist.strings */,
				CD374F7D185D7053003B2638 /* main.m */,
				CD374F7F185D7053003B2638 /* riot-objc-Prefix.pch */,
			);
			name = "Supporting Files";
			sourceTree = "<group>";
		};
		CD374F90185D7053003B2638 /* riot-objcTests */ = {
			isa = PBXGroup;
			children = (
				CD374F96185D7053003B2638 /* riot_objcTests.m */,
				CD374F91185D7053003B2638 /* Supporting Files */,
			);
			path = "riot-objcTests";
			sourceTree = "<group>";
		};
		CD374F91185D7053003B2638 /* Supporting Files */ = {
			isa = PBXGroup;
			children = (
				CD374F92185D7053003B2638 /* riot-objcTests-Info.plist */,
				CD374F93185D7053003B2638 /* InfoPlist.strings */,
			);
			name = "Supporting Files";
			sourceTree = "<group>";
		};
		CD374FA3185D75E9003B2638 /* BLRiotAPI */ = {
			isa = PBXGroup;
			children = (
				CD374FA0185D7149003B2638 /* BLRiotAPI.h */,
				CD374FA1185D7149003B2638 /* BLRiotAPI.m */,
				CD374FAA185D7A67003B2638 /* BLRiotChampionAPI.h */,
				CD374FAB185D7A67003B2638 /* BLRiotChampionAPI.m */,
				CD958264185F6A7200F62A76 /* BLRiotGameAPI.h */,
				CD958265185F6A7200F62A76 /* BLRiotGameAPI.m */,
				CD862EE41860C928003AEFD8 /* BLRiotLeagueAPI.h */,
				CD862EE51860C928003AEFD8 /* BLRiotLeagueAPI.m */,
				CD862F081860D9E7003AEFD8 /* BLRiotTeamAPI.h */,
				CD862F091860D9E7003AEFD8 /* BLRiotTeamAPI.m */,
				CD862F101860FE0E003AEFD8 /* BLRiotStatsAPI.h */,
				CD862F111860FE0E003AEFD8 /* BLRiotStatsAPI.m */,
			);
			name = BLRiotAPI;
			sourceTree = "<group>";
		};
		CD374FAD185D7A70003B2638 /* BLBusinessLogic */ = {
			isa = PBXGroup;
			children = (
				CD958268185F6BB100F62A76 /* BLKeyValueObject.h */,
				CD958269185F6BB100F62A76 /* BLKeyValueObject.m */,
				CD374FA7185D76A0003B2638 /* BLChampionDto.h */,
				CD374FA8185D76A0003B2638 /* BLChampionDto.m */,
				CD9317C8185E6E8100FA4864 /* BLChampionListDto.h */,
				CD9317C9185E6E8100FA4864 /* BLChampionListDto.m */,
				CD958255185F67C500F62A76 /* BLPlayerDto.h */,
				CD958256185F67C500F62A76 /* BLPlayerDto.m */,
				CD958258185F68CA00F62A76 /* BLRawStatDto.h */,
				CD958259185F68CA00F62A76 /* BLRawStatDto.m */,
				CD95825C185F694000F62A76 /* BLGameDto.h */,
				CD95825D185F694000F62A76 /* BLGameDto.m */,
				CD958260185F694F00F62A76 /* BLRecentGamesDto.h */,
				CD958261185F694F00F62A76 /* BLRecentGamesDto.m */,
				CD862ECE1860C8CB003AEFD8 /* BLLeagueDto.h */,
				CD862ECF1860C8CB003AEFD8 /* BLLeagueDto.m */,
				CD862EDC1860C910003AEFD8 /* BLLeagueItemDto.h */,
				CD862EDD1860C910003AEFD8 /* BLLeagueItemDto.m */,
				CD862EE01860C91A003AEFD8 /* BLMiniSeriesDto.h */,
				CD862EE11860C91A003AEFD8 /* BLMiniSeriesDto.m */,
				CD862EE81860D98D003AEFD8 /* BLTeamIdDto.h */,
				CD862EE91860D98D003AEFD8 /* BLTeamIdDto.m */,
				CD862EEC1860D998003AEFD8 /* BLMessageOfDayDto.h */,
				CD862EED1860D998003AEFD8 /* BLMessageOfDayDto.m */,
				CD862EF01860D9A7003AEFD8 /* BLMatchHistorySummaryDto.h */,
				CD862EF11860D9A7003AEFD8 /* BLMatchHistorySummaryDto.m */,
				CD862EF41860D9B2003AEFD8 /* BLTeamMemberInfoDto.h */,
				CD862EF51860D9B2003AEFD8 /* BLTeamMemberInfoDto.m */,
				CD862EF81860D9BB003AEFD8 /* BLTeamStatDetailDto.h */,
				CD862EF91860D9BB003AEFD8 /* BLTeamStatDetailDto.m */,
				CD862EFC1860D9C4003AEFD8 /* BLTeamStatSummaryDto.h */,
				CD862EFD1860D9C4003AEFD8 /* BLTeamStatSummaryDto.m */,
				CD862F001860D9CB003AEFD8 /* BLRosterDto.h */,
				CD862F011860D9CB003AEFD8 /* BLRosterDto.m */,
				CD862F041860D9D1003AEFD8 /* BLTeamDto.h */,
				CD862F051860D9D1003AEFD8 /* BLTeamDto.m */,
				CD862F181860FE30003AEFD8 /* BLChampionStatDto.h */,
				CD862F191860FE30003AEFD8 /* BLChampionStatDto.m */,
				CD862F1C1860FE3A003AEFD8 /* BLChampionStatsDto.h */,
				CD862F1D1860FE3A003AEFD8 /* BLChampionStatsDto.m */,
				CD862F141860FE23003AEFD8 /* BLRankedStatsDto.h */,
				CD862F151860FE23003AEFD8 /* BLRankedStatsDto.m */,
				CD862F201860FE47003AEFD8 /* BLAggregatedStatDto.h */,
				CD862F211860FE47003AEFD8 /* BLAggregatedStatDto.m */,
				CD862F241860FE50003AEFD8 /* BLPlayerStatsSummaryDto.h */,
				CD862F251860FE50003AEFD8 /* BLPlayerStatsSummaryDto.m */,
				CD862F281860FE5C003AEFD8 /* BLPlayerStatsSummaryListDto.h */,
				CD862F291860FE5C003AEFD8 /* BLPlayerStatsSummaryListDto.m */,
			);
			name = BLBusinessLogic;
			sourceTree = "<group>";
		};
/* End PBXGroup section */

/* Begin PBXNativeTarget section */
		CD374F6D185D7053003B2638 /* riot-objc */ = {
			isa = PBXNativeTarget;
			buildConfigurationList = CD374F9A185D7053003B2638 /* Build configuration list for PBXNativeTarget "riot-objc" */;
			buildPhases = (
				CD374F6A185D7053003B2638 /* Sources */,
				CD374F6B185D7053003B2638 /* Frameworks */,
				CD374F6C185D7053003B2638 /* Resources */,
			);
			buildRules = (
			);
			dependencies = (
			);
			name = "riot-objc";
			productName = "riot-objc";
			productReference = CD374F6E185D7053003B2638 /* riot-objc.app */;
			productType = "com.apple.product-type.application";
		};
		CD374F88185D7053003B2638 /* riot-objcTests */ = {
			isa = PBXNativeTarget;
			buildConfigurationList = CD374F9D185D7053003B2638 /* Build configuration list for PBXNativeTarget "riot-objcTests" */;
			buildPhases = (
				CD374F85185D7053003B2638 /* Sources */,
				CD374F86185D7053003B2638 /* Frameworks */,
				CD374F87185D7053003B2638 /* Resources */,
			);
			buildRules = (
			);
			dependencies = (
				CD374F8F185D7053003B2638 /* PBXTargetDependency */,
			);
			name = "riot-objcTests";
			productName = "riot-objcTests";
			productReference = CD374F89185D7053003B2638 /* riot-objcTests.xctest */;
			productType = "com.apple.product-type.bundle.unit-test";
		};
/* End PBXNativeTarget section */

/* Begin PBXProject section */
		CD374F66185D7053003B2638 /* Project object */ = {
			isa = PBXProject;
			attributes = {
				CLASSPREFIX = BL;
				LastUpgradeCheck = 0500;
				ORGANIZATIONNAME = "Ash K";
				TargetAttributes = {
					CD374F88185D7053003B2638 = {
						TestTargetID = CD374F6D185D7053003B2638;
					};
				};
			};
			buildConfigurationList = CD374F69185D7053003B2638 /* Build configuration list for PBXProject "riot-objc" */;
			compatibilityVersion = "Xcode 3.2";
			developmentRegion = English;
			hasScannedForEncodings = 0;
			knownRegions = (
				en,
			);
			mainGroup = CD374F65185D7053003B2638;
			productRefGroup = CD374F6F185D7053003B2638 /* Products */;
			projectDirPath = "";
			projectRoot = "";
			targets = (
				CD374F6D185D7053003B2638 /* riot-objc */,
				CD374F88185D7053003B2638 /* riot-objcTests */,
			);
		};
/* End PBXProject section */

/* Begin PBXResourcesBuildPhase section */
		CD374F6C185D7053003B2638 /* Resources */ = {
			isa = PBXResourcesBuildPhase;
			buildActionMask = 2147483647;
			files = (
				CD374F7C185D7053003B2638 /* InfoPlist.strings in Resources */,
				CD374F84185D7053003B2638 /* Images.xcassets in Resources */,
			);
			runOnlyForDeploymentPostprocessing = 0;
		};
		CD374F87185D7053003B2638 /* Resources */ = {
			isa = PBXResourcesBuildPhase;
			buildActionMask = 2147483647;
			files = (
				CD374F95185D7053003B2638 /* InfoPlist.strings in Resources */,
			);
			runOnlyForDeploymentPostprocessing = 0;
		};
/* End PBXResourcesBuildPhase section */

/* Begin PBXSourcesBuildPhase section */
		CD374F6A185D7053003B2638 /* Sources */ = {
			isa = PBXSourcesBuildPhase;
			buildActionMask = 2147483647;
			files = (
				CD862F261860FE50003AEFD8 /* BLPlayerStatsSummaryDto.m in Sources */,
				CD862F121860FE0E003AEFD8 /* BLRiotStatsAPI.m in Sources */,
				CD374F82185D7053003B2638 /* BLAppDelegate.m in Sources */,
				CD862F0E1860F393003AEFD8 /* NSNumber+BoolString.m in Sources */,
				CD374FA2185D7149003B2638 /* BLRiotAPI.m in Sources */,
				CD958262185F694F00F62A76 /* BLRecentGamesDto.m in Sources */,
				CD958257185F67C500F62A76 /* BLPlayerDto.m in Sources */,
				CD95826A185F6BB100F62A76 /* BLKeyValueObject.m in Sources */,
				CD374FA9185D76A0003B2638 /* BLChampionDto.m in Sources */,
				CD862F1A1860FE30003AEFD8 /* BLChampionStatDto.m in Sources */,
				CD374FAC185D7A67003B2638 /* BLRiotChampionAPI.m in Sources */,
				CD862EEA1860D98D003AEFD8 /* BLTeamIdDto.m in Sources */,
				CD958266185F6A7200F62A76 /* BLRiotGameAPI.m in Sources */,
				CD862F2A1860FE5C003AEFD8 /* BLPlayerStatsSummaryListDto.m in Sources */,
				CD862F221860FE47003AEFD8 /* BLAggregatedStatDto.m in Sources */,
				CD374FA6185D761C003B2638 /* BLRiotObjCViewController.m in Sources */,
				CD862EF61860D9B2003AEFD8 /* BLTeamMemberInfoDto.m in Sources */,
				CD862F1E1860FE3A003AEFD8 /* BLChampionStatsDto.m in Sources */,
				CD862EEE1860D998003AEFD8 /* BLMessageOfDayDto.m in Sources */,
				CD862EE21860C91A003AEFD8 /* BLMiniSeriesDto.m in Sources */,
				CD862EFA1860D9BB003AEFD8 /* BLTeamStatDetailDto.m in Sources */,
				CD862EDE1860C910003AEFD8 /* BLLeagueItemDto.m in Sources */,
				CD862F161860FE23003AEFD8 /* BLRankedStatsDto.m in Sources */,
				CD95825A185F68CA00F62A76 /* BLRawStatDto.m in Sources */,
				CD862EFE1860D9C4003AEFD8 /* BLTeamStatSummaryDto.m in Sources */,
				CD862ED01860C8CB003AEFD8 /* BLLeagueDto.m in Sources */,
				CD862EF21860D9A7003AEFD8 /* BLMatchHistorySummaryDto.m in Sources */,
				CD9317CA185E6E8100FA4864 /* BLChampionListDto.m in Sources */,
				CD862F021860D9CB003AEFD8 /* BLRosterDto.m in Sources */,
				CD862F061860D9D1003AEFD8 /* BLTeamDto.m in Sources */,
				CD374F7E185D7053003B2638 /* main.m in Sources */,
				CD862F0A1860D9E7003AEFD8 /* BLRiotTeamAPI.m in Sources */,
				CD862EE61860C928003AEFD8 /* BLRiotLeagueAPI.m in Sources */,
				CD95825E185F694000F62A76 /* BLGameDto.m in Sources */,
			);
			runOnlyForDeploymentPostprocessing = 0;
		};
		CD374F85185D7053003B2638 /* Sources */ = {
			isa = PBXSourcesBuildPhase;
			buildActionMask = 2147483647;
			files = (
				CD862EF71860D9B2003AEFD8 /* BLTeamMemberInfoDto.m in Sources */,
				CD862EE71860C928003AEFD8 /* BLRiotLeagueAPI.m in Sources */,
				CD862F271860FE50003AEFD8 /* BLPlayerStatsSummaryDto.m in Sources */,
				CD862EEB1860D98D003AEFD8 /* BLTeamIdDto.m in Sources */,
				CD95826B185F6BB100F62A76 /* BLKeyValueObject.m in Sources */,
				CD862ED11860C8D3003AEFD8 /* BLLeagueDto.m in Sources */,
				CD862F0F1860F393003AEFD8 /* NSNumber+BoolString.m in Sources */,
				CD374F97185D7053003B2638 /* riot_objcTests.m in Sources */,
				CD862EDB1860C8FB003AEFD8 /* BLRiotChampionAPI.m in Sources */,
				CD862F2B1860FE5C003AEFD8 /* BLPlayerStatsSummaryListDto.m in Sources */,
				CD862F231860FE47003AEFD8 /* BLAggregatedStatDto.m in Sources */,
				CD958267185F6A7200F62A76 /* BLRiotGameAPI.m in Sources */,
				CD862F171860FE23003AEFD8 /* BLRankedStatsDto.m in Sources */,
				CD862F031860D9CB003AEFD8 /* BLRosterDto.m in Sources */,
				CD862EF31860D9A7003AEFD8 /* BLMatchHistorySummaryDto.m in Sources */,
				CD862EFF1860D9C4003AEFD8 /* BLTeamStatSummaryDto.m in Sources */,
				CD862ED91860C8F7003AEFD8 /* BLRecentGamesDto.m in Sources */,
				CD862ED71860C8F7003AEFD8 /* BLRawStatDto.m in Sources */,
				CD862EFB1860D9BB003AEFD8 /* BLTeamStatDetailDto.m in Sources */,
				CD862ED51860C8F7003AEFD8 /* BLChampionListDto.m in Sources */,
				CD862F1F1860FE3A003AEFD8 /* BLChampionStatsDto.m in Sources */,
				CD862ED61860C8F7003AEFD8 /* BLPlayerDto.m in Sources */,
				CD862EDF1860C910003AEFD8 /* BLLeagueItemDto.m in Sources */,
				CD862F131860FE0E003AEFD8 /* BLRiotStatsAPI.m in Sources */,
				CD862F071860D9D1003AEFD8 /* BLTeamDto.m in Sources */,
				CD862ED21860C8EF003AEFD8 /* BLChampionDto.m in Sources */,
				CD862EEF1860D998003AEFD8 /* BLMessageOfDayDto.m in Sources */,
				CD862EE31860C91A003AEFD8 /* BLMiniSeriesDto.m in Sources */,
				CD862ED81860C8F7003AEFD8 /* BLGameDto.m in Sources */,
				CD862EDA1860C8FB003AEFD8 /* BLRiotAPI.m in Sources */,
				CD862F1B1860FE30003AEFD8 /* BLChampionStatDto.m in Sources */,
				CD862F0B1860D9E7003AEFD8 /* BLRiotTeamAPI.m in Sources */,
			);
			runOnlyForDeploymentPostprocessing = 0;
		};
/* End PBXSourcesBuildPhase section */

/* Begin PBXTargetDependency section */
		CD374F8F185D7053003B2638 /* PBXTargetDependency */ = {
			isa = PBXTargetDependency;
			target = CD374F6D185D7053003B2638 /* riot-objc */;
			targetProxy = CD374F8E185D7053003B2638 /* PBXContainerItemProxy */;
		};
/* End PBXTargetDependency section */

/* Begin PBXVariantGroup section */
		CD374F7A185D7053003B2638 /* InfoPlist.strings */ = {
			isa = PBXVariantGroup;
			children = (
				CD374F7B185D7053003B2638 /* en */,
			);
			name = InfoPlist.strings;
			sourceTree = "<group>";
		};
		CD374F93185D7053003B2638 /* InfoPlist.strings */ = {
			isa = PBXVariantGroup;
			children = (
				CD374F94185D7053003B2638 /* en */,
			);
			name = InfoPlist.strings;
			sourceTree = "<group>";
		};
/* End PBXVariantGroup section */

/* Begin XCBuildConfiguration section */
		CD374F98185D7053003B2638 /* Debug */ = {
			isa = XCBuildConfiguration;
			buildSettings = {
				ALWAYS_SEARCH_USER_PATHS = NO;
				ARCHS = "$(ARCHS_STANDARD_INCLUDING_64_BIT)";
				CLANG_CXX_LANGUAGE_STANDARD = "gnu++0x";
				CLANG_CXX_LIBRARY = "libc++";
				CLANG_ENABLE_MODULES = YES;
				CLANG_ENABLE_OBJC_ARC = YES;
				CLANG_WARN_BOOL_CONVERSION = YES;
				CLANG_WARN_CONSTANT_CONVERSION = YES;
				CLANG_WARN_DIRECT_OBJC_ISA_USAGE = YES_ERROR;
				CLANG_WARN_EMPTY_BODY = YES;
				CLANG_WARN_ENUM_CONVERSION = YES;
				CLANG_WARN_INT_CONVERSION = YES;
				CLANG_WARN_OBJC_ROOT_CLASS = YES_ERROR;
				CLANG_WARN__DUPLICATE_METHOD_MATCH = YES;
				"CODE_SIGN_IDENTITY[sdk=iphoneos*]" = "iPhone Developer";
				COPY_PHASE_STRIP = NO;
				GCC_C_LANGUAGE_STANDARD = gnu99;
				GCC_DYNAMIC_NO_PIC = NO;
				GCC_OPTIMIZATION_LEVEL = 0;
				GCC_PREPROCESSOR_DEFINITIONS = (
					"DEBUG=1",
					"$(inherited)",
				);
				GCC_SYMBOLS_PRIVATE_EXTERN = NO;
				GCC_WARN_64_TO_32_BIT_CONVERSION = YES;
				GCC_WARN_ABOUT_RETURN_TYPE = YES_ERROR;
				GCC_WARN_UNDECLARED_SELECTOR = YES;
				GCC_WARN_UNINITIALIZED_AUTOS = YES;
				GCC_WARN_UNUSED_FUNCTION = YES;
				GCC_WARN_UNUSED_VARIABLE = YES;
				IPHONEOS_DEPLOYMENT_TARGET = 7.0;
				ONLY_ACTIVE_ARCH = YES;
				SDKROOT = iphoneos;
				TARGETED_DEVICE_FAMILY = "1,2";
			};
			name = Debug;
		};
		CD374F99185D7053003B2638 /* Release */ = {
			isa = XCBuildConfiguration;
			buildSettings = {
				ALWAYS_SEARCH_USER_PATHS = NO;
				ARCHS = "$(ARCHS_STANDARD_INCLUDING_64_BIT)";
				CLANG_CXX_LANGUAGE_STANDARD = "gnu++0x";
				CLANG_CXX_LIBRARY = "libc++";
				CLANG_ENABLE_MODULES = YES;
				CLANG_ENABLE_OBJC_ARC = YES;
				CLANG_WARN_BOOL_CONVERSION = YES;
				CLANG_WARN_CONSTANT_CONVERSION = YES;
				CLANG_WARN_DIRECT_OBJC_ISA_USAGE = YES_ERROR;
				CLANG_WARN_EMPTY_BODY = YES;
				CLANG_WARN_ENUM_CONVERSION = YES;
				CLANG_WARN_INT_CONVERSION = YES;
				CLANG_WARN_OBJC_ROOT_CLASS = YES_ERROR;
				CLANG_WARN__DUPLICATE_METHOD_MATCH = YES;
				"CODE_SIGN_IDENTITY[sdk=iphoneos*]" = "iPhone Developer";
				COPY_PHASE_STRIP = YES;
				ENABLE_NS_ASSERTIONS = NO;
				GCC_C_LANGUAGE_STANDARD = gnu99;
				GCC_WARN_64_TO_32_BIT_CONVERSION = YES;
				GCC_WARN_ABOUT_RETURN_TYPE = YES_ERROR;
				GCC_WARN_UNDECLARED_SELECTOR = YES;
				GCC_WARN_UNINITIALIZED_AUTOS = YES;
				GCC_WARN_UNUSED_FUNCTION = YES;
				GCC_WARN_UNUSED_VARIABLE = YES;
				IPHONEOS_DEPLOYMENT_TARGET = 7.0;
				SDKROOT = iphoneos;
				TARGETED_DEVICE_FAMILY = "1,2";
				VALIDATE_PRODUCT = YES;
			};
			name = Release;
		};
		CD374F9B185D7053003B2638 /* Debug */ = {
			isa = XCBuildConfiguration;
			buildSettings = {
				ASSETCATALOG_COMPILER_APPICON_NAME = AppIcon;
				ASSETCATALOG_COMPILER_LAUNCHIMAGE_NAME = LaunchImage;
				GCC_PRECOMPILE_PREFIX_HEADER = YES;
				GCC_PREFIX_HEADER = "riot-objc/riot-objc-Prefix.pch";
				INFOPLIST_FILE = "riot-objc/riot-objc-Info.plist";
				PRODUCT_NAME = "$(TARGET_NAME)";
				WRAPPER_EXTENSION = app;
			};
			name = Debug;
		};
		CD374F9C185D7053003B2638 /* Release */ = {
			isa = XCBuildConfiguration;
			buildSettings = {
				ASSETCATALOG_COMPILER_APPICON_NAME = AppIcon;
				ASSETCATALOG_COMPILER_LAUNCHIMAGE_NAME = LaunchImage;
				GCC_PRECOMPILE_PREFIX_HEADER = YES;
				GCC_PREFIX_HEADER = "riot-objc/riot-objc-Prefix.pch";
				INFOPLIST_FILE = "riot-objc/riot-objc-Info.plist";
				PRODUCT_NAME = "$(TARGET_NAME)";
				WRAPPER_EXTENSION = app;
			};
			name = Release;
		};
		CD374F9E185D7053003B2638 /* Debug */ = {
			isa = XCBuildConfiguration;
			buildSettings = {
				ARCHS = "$(ARCHS_STANDARD_INCLUDING_64_BIT)";
				BUNDLE_LOADER = "$(BUILT_PRODUCTS_DIR)/riot-objc.app/riot-objc";
				FRAMEWORK_SEARCH_PATHS = (
					"$(SDKROOT)/Developer/Library/Frameworks",
					"$(inherited)",
					"$(DEVELOPER_FRAMEWORKS_DIR)",
				);
				GCC_PRECOMPILE_PREFIX_HEADER = YES;
				GCC_PREFIX_HEADER = "riot-objc/riot-objc-Prefix.pch";
				GCC_PREPROCESSOR_DEFINITIONS = (
					"DEBUG=1",
					"$(inherited)",
				);
				INFOPLIST_FILE = "riot-objcTests/riot-objcTests-Info.plist";
				PRODUCT_NAME = "$(TARGET_NAME)";
				TEST_HOST = "$(BUNDLE_LOADER)";
				WRAPPER_EXTENSION = xctest;
			};
			name = Debug;
		};
		CD374F9F185D7053003B2638 /* Release */ = {
			isa = XCBuildConfiguration;
			buildSettings = {
				ARCHS = "$(ARCHS_STANDARD_INCLUDING_64_BIT)";
				BUNDLE_LOADER = "$(BUILT_PRODUCTS_DIR)/riot-objc.app/riot-objc";
				FRAMEWORK_SEARCH_PATHS = (
					"$(SDKROOT)/Developer/Library/Frameworks",
					"$(inherited)",
					"$(DEVELOPER_FRAMEWORKS_DIR)",
				);
				GCC_PRECOMPILE_PREFIX_HEADER = YES;
				GCC_PREFIX_HEADER = "riot-objc/riot-objc-Prefix.pch";
				INFOPLIST_FILE = "riot-objcTests/riot-objcTests-Info.plist";
				PRODUCT_NAME = "$(TARGET_NAME)";
				TEST_HOST = "$(BUNDLE_LOADER)";
				WRAPPER_EXTENSION = xctest;
			};
			name = Release;
		};
/* End XCBuildConfiguration section */

/* Begin XCConfigurationList section */
		CD374F69185D7053003B2638 /* Build configuration list for PBXProject "riot-objc" */ = {
			isa = XCConfigurationList;
			buildConfigurations = (
				CD374F98185D7053003B2638 /* Debug */,
				CD374F99185D7053003B2638 /* Release */,
			);
			defaultConfigurationIsVisible = 0;
			defaultConfigurationName = Release;
		};
		CD374F9A185D7053003B2638 /* Build configuration list for PBXNativeTarget "riot-objc" */ = {
			isa = XCConfigurationList;
			buildConfigurations = (
				CD374F9B185D7053003B2638 /* Debug */,
				CD374F9C185D7053003B2638 /* Release */,
			);
			defaultConfigurationIsVisible = 0;
			defaultConfigurationName = Release;
		};
		CD374F9D185D7053003B2638 /* Build configuration list for PBXNativeTarget "riot-objcTests" */ = {
			isa = XCConfigurationList;
			buildConfigurations = (
				CD374F9E185D7053003B2638 /* Debug */,
				CD374F9F185D7053003B2638 /* Release */,
			);
			defaultConfigurationIsVisible = 0;
			defaultConfigurationName = Release;
		};
/* End XCConfigurationList section */
	};
	rootObject = CD374F66185D7053003B2638 /* Project object */;
}
