// !$*UTF8*$!
{
	archiveVersion = 1;
	classes = {
	};
	objectVersion = 46;
	objects = {

/* Begin PBXBuildFile section */
		CD374F72185D7053003B2638 /* Foundation.framework in Frameworks */ = {isa = PBXBuildFile; fileRef = CD374F71185D7053003B2638 /* Foundation.framework */; };
		CD374F74185D7053003B2638 /* CoreGraphics.framework in Frameworks */ = {isa = PBXBuildFile; fileRef = CD374F73185D7053003B2638 /* CoreGraphics.framework */; };
		CD374F76185D7053003B2638 /* UIKit.framework in Frameworks */ = {isa = PBXBuildFile; fileRef = CD374F75185D7053003B2638 /* UIKit.framework */; };
		CD374F7C185D7053003B2638 /* InfoPlist.strings in Resources */ = {isa = PBXBuildFile; fileRef = CD374F7A185D7053003B2638 /* InfoPlist.strings */; };
		CD374F7E185D7053003B2638 /* main.m in Sources */ = {isa = PBXBuildFile; fileRef = CD374F7D185D7053003B2638 /* main.m */; };
		CD374F82185D7053003B2638 /* BLAppDelegate.m in Sources */ = {isa = PBXBuildFile; fileRef = CD374F81185D7053003B2638 /* BLAppDelegate.m */; };
		CD374F84185D7053003B2638 /* Images.xcassets in Resources */ = {isa = PBXBuildFile; fileRef = CD374F83185D7053003B2638 /* Images.xcassets */; };
		CD374F8B185D7053003B2638 /* XCTest.framework in Frameworks */ = {isa = PBXBuildFile; fileRef = CD374F8A185D7053003B2638 /* XCTest.framework */; };
		CD374F8C185D7053003B2638 /* Foundation.framework in Frameworks */ = {isa = PBXBuildFile; fileRef = CD374F71185D7053003B2638 /* Foundation.framework */; };
		CD374F8D185D7053003B2638 /* UIKit.framework in Frameworks */ = {isa = PBXBuildFile; fileRef = CD374F75185D7053003B2638 /* UIKit.framework */; };
		CD374F95185D7053003B2638 /* InfoPlist.strings in Resources */ = {isa = PBXBuildFile; fileRef = CD374F93185D7053003B2638 /* InfoPlist.strings */; };
		CD374F97185D7053003B2638 /* riot_objcTests.m in Sources */ = {isa = PBXBuildFile; fileRef = CD374F96185D7053003B2638 /* riot_objcTests.m */; };
		CD374FA2185D7149003B2638 /* BLRiotAPI.m in Sources */ = {isa = PBXBuildFile; fileRef = CD374FA1185D7149003B2638 /* BLRiotAPI.m */; };
		CD374FA6185D761C003B2638 /* BLRiotObjCViewController.m in Sources */ = {isa = PBXBuildFile; fileRef = CD374FA5185D761C003B2638 /* BLRiotObjCViewController.m */; };
		CD374FA9185D76A0003B2638 /* BLChampionDto.m in Sources */ = {isa = PBXBuildFile; fileRef = CD374FA8185D76A0003B2638 /* BLChampionDto.m */; };
		CD374FAC185D7A67003B2638 /* BLRiotChampionAPI.m in Sources */ = {isa = PBXBuildFile; fileRef = CD374FAB185D7A67003B2638 /* BLRiotChampionAPI.m */; };
		CD9317CA185E6E8100FA4864 /* BLChampionListDto.m in Sources */ = {isa = PBXBuildFile; fileRef = CD9317C9185E6E8100FA4864 /* BLChampionListDto.m */; };
/* End PBXBuildFile section */

/* Begin PBXContainerItemProxy section */
		CD374F8E185D7053003B2638 /* PBXContainerItemProxy */ = {
			isa = PBXContainerItemProxy;
			containerPortal = CD374F66185D7053003B2638 /* Project object */;
			proxyType = 1;
			remoteGlobalIDString = CD374F6D185D7053003B2638;
			remoteInfo = "riot-objc";
		};
/* End PBXContainerItemProxy section */

/* Begin PBXFileReference section */
		CD374F6E185D7053003B2638 /* riot-objc.app */ = {isa = PBXFileReference; explicitFileType = wrapper.application; includeInIndex = 0; path = "riot-objc.app"; sourceTree = BUILT_PRODUCTS_DIR; };
		CD374F71185D7053003B2638 /* Foundation.framework */ = {isa = PBXFileReference; lastKnownFileType = wrapper.framework; name = Foundation.framework; path = System/Library/Frameworks/Foundation.framework; sourceTree = SDKROOT; };
		CD374F73185D7053003B2638 /* CoreGraphics.framework */ = {isa = PBXFileReference; lastKnownFileType = wrapper.framework; name = CoreGraphics.framework; path = System/Library/Frameworks/CoreGraphics.framework; sourceTree = SDKROOT; };
		CD374F75185D7053003B2638 /* UIKit.framework */ = {isa = PBXFileReference; lastKnownFileType = wrapper.framework; name = UIKit.framework; path = System/Library/Frameworks/UIKit.framework; sourceTree = SDKROOT; };
		CD374F79185D7053003B2638 /* riot-objc-Info.plist */ = {isa = PBXFileReference; lastKnownFileType = text.plist.xml; path = "riot-objc-Info.plist"; sourceTree = "<group>"; };
		CD374F7B185D7053003B2638 /* en */ = {isa = PBXFileReference; lastKnownFileType = text.plist.strings; name = en; path = en.lproj/InfoPlist.strings; sourceTree = "<group>"; };
		CD374F7D185D7053003B2638 /* main.m */ = {isa = PBXFileReference; lastKnownFileType = sourcecode.c.objc; path = main.m; sourceTree = "<group>"; };
		CD374F7F185D7053003B2638 /* riot-objc-Prefix.pch */ = {isa = PBXFileReference; lastKnownFileType = sourcecode.c.h; path = "riot-objc-Prefix.pch"; sourceTree = "<group>"; };
		CD374F80185D7053003B2638 /* BLAppDelegate.h */ = {isa = PBXFileReference; lastKnownFileType = sourcecode.c.h; path = BLAppDelegate.h; sourceTree = "<group>"; };
		CD374F81185D7053003B2638 /* BLAppDelegate.m */ = {isa = PBXFileReference; lastKnownFileType = sourcecode.c.objc; path = BLAppDelegate.m; sourceTree = "<group>"; };
		CD374F83185D7053003B2638 /* Images.xcassets */ = {isa = PBXFileReference; lastKnownFileType = folder.assetcatalog; path = Images.xcassets; sourceTree = "<group>"; };
		CD374F89185D7053003B2638 /* riot-objcTests.xctest */ = {isa = PBXFileReference; explicitFileType = wrapper.cfbundle; includeInIndex = 0; path = "riot-objcTests.xctest"; sourceTree = BUILT_PRODUCTS_DIR; };
		CD374F8A185D7053003B2638 /* XCTest.framework */ = {isa = PBXFileReference; lastKnownFileType = wrapper.framework; name = XCTest.framework; path = Library/Frameworks/XCTest.framework; sourceTree = DEVELOPER_DIR; };
		CD374F92185D7053003B2638 /* riot-objcTests-Info.plist */ = {isa = PBXFileReference; lastKnownFileType = text.plist.xml; path = "riot-objcTests-Info.plist"; sourceTree = "<group>"; };
		CD374F94185D7053003B2638 /* en */ = {isa = PBXFileReference; lastKnownFileType = text.plist.strings; name = en; path = en.lproj/InfoPlist.strings; sourceTree = "<group>"; };
		CD374F96185D7053003B2638 /* riot_objcTests.m */ = {isa = PBXFileReference; lastKnownFileType = sourcecode.c.objc; path = riot_objcTests.m; sourceTree = "<group>"; };
		CD374FA0185D7149003B2638 /* BLRiotAPI.h */ = {isa = PBXFileReference; fileEncoding = 4; lastKnownFileType = sourcecode.c.h; path = BLRiotAPI.h; sourceTree = "<group>"; };
		CD374FA1185D7149003B2638 /* BLRiotAPI.m */ = {isa = PBXFileReference; fileEncoding = 4; lastKnownFileType = sourcecode.c.objc; path = BLRiotAPI.m; sourceTree = "<group>"; };
		CD374FA4185D761C003B2638 /* BLRiotObjCViewController.h */ = {isa = PBXFileReference; fileEncoding = 4; lastKnownFileType = sourcecode.c.h; name = BLRiotObjCViewController.h; path = ../BLRiotObjCViewController.h; sourceTree = "<group>"; };
		CD374FA5185D761C003B2638 /* BLRiotObjCViewController.m */ = {isa = PBXFileReference; fileEncoding = 4; lastKnownFileType = sourcecode.c.objc; name = BLRiotObjCViewController.m; path = ../BLRiotObjCViewController.m; sourceTree = "<group>"; };
		CD374FA7185D76A0003B2638 /* BLChampionDto.h */ = {isa = PBXFileReference; fileEncoding = 4; lastKnownFileType = sourcecode.c.h; path = BLChampionDto.h; sourceTree = "<group>"; };
		CD374FA8185D76A0003B2638 /* BLChampionDto.m */ = {isa = PBXFileReference; fileEncoding = 4; lastKnownFileType = sourcecode.c.objc; path = BLChampionDto.m; sourceTree = "<group>"; };
		CD374FAA185D7A67003B2638 /* BLRiotChampionAPI.h */ = {isa = PBXFileReference; fileEncoding = 4; lastKnownFileType = sourcecode.c.h; path = BLRiotChampionAPI.h; sourceTree = "<group>"; };
		CD374FAB185D7A67003B2638 /* BLRiotChampionAPI.m */ = {isa = PBXFileReference; fileEncoding = 4; lastKnownFileType = sourcecode.c.objc; path = BLRiotChampionAPI.m; sourceTree = "<group>"; };
		CD9317C8185E6E8100FA4864 /* BLChampionListDto.h */ = {isa = PBXFileReference; fileEncoding = 4; lastKnownFileType = sourcecode.c.h; path = BLChampionListDto.h; sourceTree = "<group>"; };
		CD9317C9185E6E8100FA4864 /* BLChampionListDto.m */ = {isa = PBXFileReference; fileEncoding = 4; lastKnownFileType = sourcecode.c.objc; path = BLChampionListDto.m; sourceTree = "<group>"; };
/* End PBXFileReference section */

/* Begin PBXFrameworksBuildPhase section */
		CD374F6B185D7053003B2638 /* Frameworks */ = {
			isa = PBXFrameworksBuildPhase;
			buildActionMask = 2147483647;
			files = (
				CD374F74185D7053003B2638 /* CoreGraphics.framework in Frameworks */,
				CD374F76185D7053003B2638 /* UIKit.framework in Frameworks */,
				CD374F72185D7053003B2638 /* Foundation.framework in Frameworks */,
			);
			runOnlyForDeploymentPostprocessing = 0;
		};
		CD374F86185D7053003B2638 /* Frameworks */ = {
			isa = PBXFrameworksBuildPhase;
			buildActionMask = 2147483647;
			files = (
				CD374F8B185D7053003B2638 /* XCTest.framework in Frameworks */,
				CD374F8D185D7053003B2638 /* UIKit.framework in Frameworks */,
				CD374F8C185D7053003B2638 /* Foundation.framework in Frameworks */,
			);
			runOnlyForDeploymentPostprocessing = 0;
		};
/* End PBXFrameworksBuildPhase section */

/* Begin PBXGroup section */
		CD374F65185D7053003B2638 = {
			isa = PBXGroup;
			children = (
				CD374F77185D7053003B2638 /* riot-objc */,
				CD374F90185D7053003B2638 /* riot-objcTests */,
				CD374F70185D7053003B2638 /* Frameworks */,
				CD374F6F185D7053003B2638 /* Products */,
			);
			sourceTree = "<group>";
		};
		CD374F6F185D7053003B2638 /* Products */ = {
			isa = PBXGroup;
			children = (
				CD374F6E185D7053003B2638 /* riot-objc.app */,
				CD374F89185D7053003B2638 /* riot-objcTests.xctest */,
			);
			name = Products;
			sourceTree = "<group>";
		};
		CD374F70185D7053003B2638 /* Frameworks */ = {
			isa = PBXGroup;
			children = (
				CD374F71185D7053003B2638 /* Foundation.framework */,
				CD374F73185D7053003B2638 /* CoreGraphics.framework */,
				CD374F75185D7053003B2638 /* UIKit.framework */,
				CD374F8A185D7053003B2638 /* XCTest.framework */,
			);
			name = Frameworks;
			sourceTree = "<group>";
		};
		CD374F77185D7053003B2638 /* riot-objc */ = {
			isa = PBXGroup;
			children = (
				CD374FA3185D75E9003B2638 /* BLRiotAPI */,
				CD374FAD185D7A70003B2638 /* BLBusinessLogic */,
				CD374FA4185D761C003B2638 /* BLRiotObjCViewController.h */,
				CD374FA5185D761C003B2638 /* BLRiotObjCViewController.m */,
				CD374F80185D7053003B2638 /* BLAppDelegate.h */,
				CD374F81185D7053003B2638 /* BLAppDelegate.m */,
				CD374F83185D7053003B2638 /* Images.xcassets */,
				CD374F78185D7053003B2638 /* Supporting Files */,
			);
			path = "riot-objc";
			sourceTree = "<group>";
		};
		CD374F78185D7053003B2638 /* Supporting Files */ = {
			isa = PBXGroup;
			children = (
				CD374F79185D7053003B2638 /* riot-objc-Info.plist */,
				CD374F7A185D7053003B2638 /* InfoPlist.strings */,
				CD374F7D185D7053003B2638 /* main.m */,
				CD374F7F185D7053003B2638 /* riot-objc-Prefix.pch */,
			);
			name = "Supporting Files";
			sourceTree = "<group>";
		};
		CD374F90185D7053003B2638 /* riot-objcTests */ = {
			isa = PBXGroup;
			children = (
				CD374F96185D7053003B2638 /* riot_objcTests.m */,
				CD374F91185D7053003B2638 /* Supporting Files */,
			);
			path = "riot-objcTests";
			sourceTree = "<group>";
		};
		CD374F91185D7053003B2638 /* Supporting Files */ = {
			isa = PBXGroup;
			children = (
				CD374F92185D7053003B2638 /* riot-objcTests-Info.plist */,
				CD374F93185D7053003B2638 /* InfoPlist.strings */,
			);
			name = "Supporting Files";
			sourceTree = "<group>";
		};
		CD374FA3185D75E9003B2638 /* BLRiotAPI */ = {
			isa = PBXGroup;
			children = (
				CD374FA0185D7149003B2638 /* BLRiotAPI.h */,
				CD374FA1185D7149003B2638 /* BLRiotAPI.m */,
				CD374FAA185D7A67003B2638 /* BLRiotChampionAPI.h */,
				CD374FAB185D7A67003B2638 /* BLRiotChampionAPI.m */,
			);
			name = BLRiotAPI;
			sourceTree = "<group>";
		};
		CD374FAD185D7A70003B2638 /* BLBusinessLogic */ = {
			isa = PBXGroup;
			children = (
				CD374FA7185D76A0003B2638 /* BLChampionDto.h */,
				CD374FA8185D76A0003B2638 /* BLChampionDto.m */,
				CD9317C8185E6E8100FA4864 /* BLChampionListDto.h */,
				CD9317C9185E6E8100FA4864 /* BLChampionListDto.m */,
			);
			name = BLBusinessLogic;
			sourceTree = "<group>";
		};
/* End PBXGroup section */

/* Begin PBXNativeTarget section */
		CD374F6D185D7053003B2638 /* riot-objc */ = {
			isa = PBXNativeTarget;
			buildConfigurationList = CD374F9A185D7053003B2638 /* Build configuration list for PBXNativeTarget "riot-objc" */;
			buildPhases = (
				CD374F6A185D7053003B2638 /* Sources */,
				CD374F6B185D7053003B2638 /* Frameworks */,
				CD374F6C185D7053003B2638 /* Resources */,
			);
			buildRules = (
			);
			dependencies = (
			);
			name = "riot-objc";
			productName = "riot-objc";
			productReference = CD374F6E185D7053003B2638 /* riot-objc.app */;
			productType = "com.apple.product-type.application";
		};
		CD374F88185D7053003B2638 /* riot-objcTests */ = {
			isa = PBXNativeTarget;
			buildConfigurationList = CD374F9D185D7053003B2638 /* Build configuration list for PBXNativeTarget "riot-objcTests" */;
			buildPhases = (
				CD374F85185D7053003B2638 /* Sources */,
				CD374F86185D7053003B2638 /* Frameworks */,
				CD374F87185D7053003B2638 /* Resources */,
			);
			buildRules = (
			);
			dependencies = (
				CD374F8F185D7053003B2638 /* PBXTargetDependency */,
			);
			name = "riot-objcTests";
			productName = "riot-objcTests";
			productReference = CD374F89185D7053003B2638 /* riot-objcTests.xctest */;
			productType = "com.apple.product-type.bundle.unit-test";
		};
/* End PBXNativeTarget section */

/* Begin PBXProject section */
		CD374F66185D7053003B2638 /* Project object */ = {
			isa = PBXProject;
			attributes = {
				CLASSPREFIX = BL;
				LastUpgradeCheck = 0500;
				ORGANIZATIONNAME = "Ash K";
				TargetAttributes = {
					CD374F88185D7053003B2638 = {
						TestTargetID = CD374F6D185D7053003B2638;
					};
				};
			};
			buildConfigurationList = CD374F69185D7053003B2638 /* Build configuration list for PBXProject "riot-objc" */;
			compatibilityVersion = "Xcode 3.2";
			developmentRegion = English;
			hasScannedForEncodings = 0;
			knownRegions = (
				en,
			);
			mainGroup = CD374F65185D7053003B2638;
			productRefGroup = CD374F6F185D7053003B2638 /* Products */;
			projectDirPath = "";
			projectRoot = "";
			targets = (
				CD374F6D185D7053003B2638 /* riot-objc */,
				CD374F88185D7053003B2638 /* riot-objcTests */,
			);
		};
/* End PBXProject section */

/* Begin PBXResourcesBuildPhase section */
		CD374F6C185D7053003B2638 /* Resources */ = {
			isa = PBXResourcesBuildPhase;
			buildActionMask = 2147483647;
			files = (
				CD374F7C185D7053003B2638 /* InfoPlist.strings in Resources */,
				CD374F84185D7053003B2638 /* Images.xcassets in Resources */,
			);
			runOnlyForDeploymentPostprocessing = 0;
		};
		CD374F87185D7053003B2638 /* Resources */ = {
			isa = PBXResourcesBuildPhase;
			buildActionMask = 2147483647;
			files = (
				CD374F95185D7053003B2638 /* InfoPlist.strings in Resources */,
			);
			runOnlyForDeploymentPostprocessing = 0;
		};
/* End PBXResourcesBuildPhase section */

/* Begin PBXSourcesBuildPhase section */
		CD374F6A185D7053003B2638 /* Sources */ = {
			isa = PBXSourcesBuildPhase;
			buildActionMask = 2147483647;
			files = (
				CD374F82185D7053003B2638 /* BLAppDelegate.m in Sources */,
				CD374FA2185D7149003B2638 /* BLRiotAPI.m in Sources */,
				CD374FA9185D76A0003B2638 /* BLChampionDto.m in Sources */,
				CD374FAC185D7A67003B2638 /* BLRiotChampionAPI.m in Sources */,
				CD374FA6185D761C003B2638 /* BLRiotObjCViewController.m in Sources */,
				CD9317CA185E6E8100FA4864 /* BLChampionListDto.m in Sources */,
				CD374F7E185D7053003B2638 /* main.m in Sources */,
			);
			runOnlyForDeploymentPostprocessing = 0;
		};
		CD374F85185D7053003B2638 /* Sources */ = {
			isa = PBXSourcesBuildPhase;
			buildActionMask = 2147483647;
			files = (
				CD374F97185D7053003B2638 /* riot_objcTests.m in Sources */,
			);
			runOnlyForDeploymentPostprocessing = 0;
		};
/* End PBXSourcesBuildPhase section */

/* Begin PBXTargetDependency section */
		CD374F8F185D7053003B2638 /* PBXTargetDependency */ = {
			isa = PBXTargetDependency;
			target = CD374F6D185D7053003B2638 /* riot-objc */;
			targetProxy = CD374F8E185D7053003B2638 /* PBXContainerItemProxy */;
		};
/* End PBXTargetDependency section */

/* Begin PBXVariantGroup section */
		CD374F7A185D7053003B2638 /* InfoPlist.strings */ = {
			isa = PBXVariantGroup;
			children = (
				CD374F7B185D7053003B2638 /* en */,
			);
			name = InfoPlist.strings;
			sourceTree = "<group>";
		};
		CD374F93185D7053003B2638 /* InfoPlist.strings */ = {
			isa = PBXVariantGroup;
			children = (
				CD374F94185D7053003B2638 /* en */,
			);
			name = InfoPlist.strings;
			sourceTree = "<group>";
		};
/* End PBXVariantGroup section */

/* Begin XCBuildConfiguration section */
		CD374F98185D7053003B2638 /* Debug */ = {
			isa = XCBuildConfiguration;
			buildSettings = {
				ALWAYS_SEARCH_USER_PATHS = NO;
				ARCHS = "$(ARCHS_STANDARD_INCLUDING_64_BIT)";
				CLANG_CXX_LANGUAGE_STANDARD = "gnu++0x";
				CLANG_CXX_LIBRARY = "libc++";
				CLANG_ENABLE_MODULES = YES;
				CLANG_ENABLE_OBJC_ARC = YES;
				CLANG_WARN_BOOL_CONVERSION = YES;
				CLANG_WARN_CONSTANT_CONVERSION = YES;
				CLANG_WARN_DIRECT_OBJC_ISA_USAGE = YES_ERROR;
				CLANG_WARN_EMPTY_BODY = YES;
				CLANG_WARN_ENUM_CONVERSION = YES;
				CLANG_WARN_INT_CONVERSION = YES;
				CLANG_WARN_OBJC_ROOT_CLASS = YES_ERROR;
				CLANG_WARN__DUPLICATE_METHOD_MATCH = YES;
				"CODE_SIGN_IDENTITY[sdk=iphoneos*]" = "iPhone Developer";
				COPY_PHASE_STRIP = NO;
				GCC_C_LANGUAGE_STANDARD = gnu99;
				GCC_DYNAMIC_NO_PIC = NO;
				GCC_OPTIMIZATION_LEVEL = 0;
				GCC_PREPROCESSOR_DEFINITIONS = (
					"DEBUG=1",
					"$(inherited)",
				);
				GCC_SYMBOLS_PRIVATE_EXTERN = NO;
				GCC_WARN_64_TO_32_BIT_CONVERSION = YES;
				GCC_WARN_ABOUT_RETURN_TYPE = YES_ERROR;
				GCC_WARN_UNDECLARED_SELECTOR = YES;
				GCC_WARN_UNINITIALIZED_AUTOS = YES;
				GCC_WARN_UNUSED_FUNCTION = YES;
				GCC_WARN_UNUSED_VARIABLE = YES;
				IPHONEOS_DEPLOYMENT_TARGET = 7.0;
				ONLY_ACTIVE_ARCH = YES;
				SDKROOT = iphoneos;
				TARGETED_DEVICE_FAMILY = "1,2";
			};
			name = Debug;
		};
		CD374F99185D7053003B2638 /* Release */ = {
			isa = XCBuildConfiguration;
			buildSettings = {
				ALWAYS_SEARCH_USER_PATHS = NO;
				ARCHS = "$(ARCHS_STANDARD_INCLUDING_64_BIT)";
				CLANG_CXX_LANGUAGE_STANDARD = "gnu++0x";
				CLANG_CXX_LIBRARY = "libc++";
				CLANG_ENABLE_MODULES = YES;
				CLANG_ENABLE_OBJC_ARC = YES;
				CLANG_WARN_BOOL_CONVERSION = YES;
				CLANG_WARN_CONSTANT_CONVERSION = YES;
				CLANG_WARN_DIRECT_OBJC_ISA_USAGE = YES_ERROR;
				CLANG_WARN_EMPTY_BODY = YES;
				CLANG_WARN_ENUM_CONVERSION = YES;
				CLANG_WARN_INT_CONVERSION = YES;
				CLANG_WARN_OBJC_ROOT_CLASS = YES_ERROR;
				CLANG_WARN__DUPLICATE_METHOD_MATCH = YES;
				"CODE_SIGN_IDENTITY[sdk=iphoneos*]" = "iPhone Developer";
				COPY_PHASE_STRIP = YES;
				ENABLE_NS_ASSERTIONS = NO;
				GCC_C_LANGUAGE_STANDARD = gnu99;
				GCC_WARN_64_TO_32_BIT_CONVERSION = YES;
				GCC_WARN_ABOUT_RETURN_TYPE = YES_ERROR;
				GCC_WARN_UNDECLARED_SELECTOR = YES;
				GCC_WARN_UNINITIALIZED_AUTOS = YES;
				GCC_WARN_UNUSED_FUNCTION = YES;
				GCC_WARN_UNUSED_VARIABLE = YES;
				IPHONEOS_DEPLOYMENT_TARGET = 7.0;
				SDKROOT = iphoneos;
				TARGETED_DEVICE_FAMILY = "1,2";
				VALIDATE_PRODUCT = YES;
			};
			name = Release;
		};
		CD374F9B185D7053003B2638 /* Debug */ = {
			isa = XCBuildConfiguration;
			buildSettings = {
				ASSETCATALOG_COMPILER_APPICON_NAME = AppIcon;
				ASSETCATALOG_COMPILER_LAUNCHIMAGE_NAME = LaunchImage;
				GCC_PRECOMPILE_PREFIX_HEADER = YES;
				GCC_PREFIX_HEADER = "riot-objc/riot-objc-Prefix.pch";
				INFOPLIST_FILE = "riot-objc/riot-objc-Info.plist";
				PRODUCT_NAME = "$(TARGET_NAME)";
				WRAPPER_EXTENSION = app;
			};
			name = Debug;
		};
		CD374F9C185D7053003B2638 /* Release */ = {
			isa = XCBuildConfiguration;
			buildSettings = {
				ASSETCATALOG_COMPILER_APPICON_NAME = AppIcon;
				ASSETCATALOG_COMPILER_LAUNCHIMAGE_NAME = LaunchImage;
				GCC_PRECOMPILE_PREFIX_HEADER = YES;
				GCC_PREFIX_HEADER = "riot-objc/riot-objc-Prefix.pch";
				INFOPLIST_FILE = "riot-objc/riot-objc-Info.plist";
				PRODUCT_NAME = "$(TARGET_NAME)";
				WRAPPER_EXTENSION = app;
			};
			name = Release;
		};
		CD374F9E185D7053003B2638 /* Debug */ = {
			isa = XCBuildConfiguration;
			buildSettings = {
				ARCHS = "$(ARCHS_STANDARD_INCLUDING_64_BIT)";
				BUNDLE_LOADER = "$(BUILT_PRODUCTS_DIR)/riot-objc.app/riot-objc";
				FRAMEWORK_SEARCH_PATHS = (
					"$(SDKROOT)/Developer/Library/Frameworks",
					"$(inherited)",
					"$(DEVELOPER_FRAMEWORKS_DIR)",
				);
				GCC_PRECOMPILE_PREFIX_HEADER = YES;
				GCC_PREFIX_HEADER = "riot-objc/riot-objc-Prefix.pch";
				GCC_PREPROCESSOR_DEFINITIONS = (
					"DEBUG=1",
					"$(inherited)",
				);
				INFOPLIST_FILE = "riot-objcTests/riot-objcTests-Info.plist";
				PRODUCT_NAME = "$(TARGET_NAME)";
				TEST_HOST = "$(BUNDLE_LOADER)";
				WRAPPER_EXTENSION = xctest;
			};
			name = Debug;
		};
		CD374F9F185D7053003B2638 /* Release */ = {
			isa = XCBuildConfiguration;
			buildSettings = {
				ARCHS = "$(ARCHS_STANDARD_INCLUDING_64_BIT)";
				BUNDLE_LOADER = "$(BUILT_PRODUCTS_DIR)/riot-objc.app/riot-objc";
				FRAMEWORK_SEARCH_PATHS = (
					"$(SDKROOT)/Developer/Library/Frameworks",
					"$(inherited)",
					"$(DEVELOPER_FRAMEWORKS_DIR)",
				);
				GCC_PRECOMPILE_PREFIX_HEADER = YES;
				GCC_PREFIX_HEADER = "riot-objc/riot-objc-Prefix.pch";
				INFOPLIST_FILE = "riot-objcTests/riot-objcTests-Info.plist";
				PRODUCT_NAME = "$(TARGET_NAME)";
				TEST_HOST = "$(BUNDLE_LOADER)";
				WRAPPER_EXTENSION = xctest;
			};
			name = Release;
		};
/* End XCBuildConfiguration section */

/* Begin XCConfigurationList section */
		CD374F69185D7053003B2638 /* Build configuration list for PBXProject "riot-objc" */ = {
			isa = XCConfigurationList;
			buildConfigurations = (
				CD374F98185D7053003B2638 /* Debug */,
				CD374F99185D7053003B2638 /* Release */,
			);
			defaultConfigurationIsVisible = 0;
			defaultConfigurationName = Release;
		};
		CD374F9A185D7053003B2638 /* Build configuration list for PBXNativeTarget "riot-objc" */ = {
			isa = XCConfigurationList;
			buildConfigurations = (
				CD374F9B185D7053003B2638 /* Debug */,
				CD374F9C185D7053003B2638 /* Release */,
			);
			defaultConfigurationIsVisible = 0;
			defaultConfigurationName = Release;
		};
		CD374F9D185D7053003B2638 /* Build configuration list for PBXNativeTarget "riot-objcTests" */ = {
			isa = XCConfigurationList;
			buildConfigurations = (
				CD374F9E185D7053003B2638 /* Debug */,
				CD374F9F185D7053003B2638 /* Release */,
			);
			defaultConfigurationIsVisible = 0;
			defaultConfigurationName = Release;
		};
/* End XCConfigurationList section */
	};
	rootObject = CD374F66185D7053003B2638 /* Project object */;
}
